
Microsoft Visual Studio Solution File, Format Version 12.00
# Visual Studio Version 16
VisualStudioVersion = 16.0.29009.5
MinimumVisualStudioVersion = 10.0.40219.1
Project("{FAE04EC0-301F-11D3-BF4B-00C04F79EFBC}") = "MonitorDetailsReader", "MonitorDetailsReader\MonitorDetailsReader.csproj", "{E1645FEA-7044-419E-97F2-A3AD7E9668F5}"
EndProject
Project("{FAE04EC0-301F-11D3-BF4B-00C04F79EFBC}") = "MonitorDetailsReader.Test", "MonitorDetailsReader.Test\MonitorDetailsReader.Test.csproj", "{EECEAF99-E32F-44E6-B195-315E8EFE23EE}"
EndProject
Project("{9A19103F-16F7-4668-BE54-9A1E7A4F7556}") = "MonitorDetailsReader.UnitTests", "MonitorDetailsReader.UnitTests\MonitorDetailsReader.UnitTests.csproj", "{560856A8-7D77-4946-8D03-BB4D07396EC9}"
EndProject
Global
	GlobalSection(SolutionConfigurationPlatforms) = preSolution
		Debug|Any CPU = Debug|Any CPU
		Release|Any CPU = Release|Any CPU
	EndGlobalSection
	GlobalSection(ProjectConfigurationPlatforms) = postSolution
		{E1645FEA-7044-419E-97F2-A3AD7E9668F5}.Debug|Any CPU.ActiveCfg = Debug|Any CPU
		{E1645FEA-7044-419E-97F2-A3AD7E9668F5}.Debug|Any CPU.Build.0 = Debug|Any CPU
		{E1645FEA-7044-419E-97F2-A3AD7E9668F5}.Release|Any CPU.ActiveCfg = Release|Any CPU
		{E1645FEA-7044-419E-97F2-A3AD7E9668F5}.Release|Any CPU.Build.0 = Release|Any CPU
		{EECEAF99-E32F-44E6-B195-315E8EFE23EE}.Debug|Any CPU.ActiveCfg = Debug|Any CPU
		{EECEAF99-E32F-44E6-B195-315E8EFE23EE}.Debug|Any CPU.Build.0 = Debug|Any CPU
		{EECEAF99-E32F-44E6-B195-315E8EFE23EE}.Release|Any CPU.ActiveCfg = Release|Any CPU
		{EECEAF99-E32F-44E6-B195-315E8EFE23EE}.Release|Any CPU.Build.0 = Release|Any CPU
		{560856A8-7D77-4946-8D03-BB4D07396EC9}.Debug|Any CPU.ActiveCfg = Debug|Any CPU
		{560856A8-7D77-4946-8D03-BB4D07396EC9}.Debug|Any CPU.Build.0 = Debug|Any CPU
		{560856A8-7D77-4946-8D03-BB4D07396EC9}.Release|Any CPU.ActiveCfg = Release|Any CPU
		{560856A8-7D77-4946-8D03-BB4D07396EC9}.Release|Any CPU.Build.0 = Release|Any CPU
	EndGlobalSection
	GlobalSection(SolutionProperties) = preSolution
		HideSolutionNode = FALSE
	EndGlobalSection
	GlobalSection(ExtensibilityGlobals) = postSolution
		SolutionGuid = {96295391-2F42-463C-B95E-599A4C9996C4}
	EndGlobalSection
EndGlobal
